
Microsoft Visual Studio Solution File, Format Version 12.00
# Visual Studio Version 17
VisualStudioVersion = 17.3.32901.215
MinimumVisualStudioVersion = 10.0.40219.1
Project("{9A19103F-16F7-4668-BE54-9A1E7A4F7556}") = "UserService.API", "UserService.API\UserService.API.csproj", "{6655D8C7-6266-4EEC-929C-B24A124E5F8F}"
EndProject
Project("{9A19103F-16F7-4668-BE54-9A1E7A4F7556}") = "UserService.Domain", "UserService.Domain\UserService.Domain.csproj", "{9873ADD1-7546-46BD-A4B6-3391267E9A7E}"
EndProject
Project("{9A19103F-16F7-4668-BE54-9A1E7A4F7556}") = "UserService.Data.EF", "UserService.Data.EF\UserService.Data.EF.csproj", "{259DEB46-D1D5-47F0-B3D5-2B77B3916649}"
EndProject
Project("{9A19103F-16F7-4668-BE54-9A1E7A4F7556}") = "UserService.Infrastructure", "UserService.Infrastructure\UserService.Infrastructure.csproj", "{10CB8999-77CF-4F24-A2F0-84B36FE417AE}"
EndProject
Project("{2150E333-8FDC-42A3-9474-1A3956D46DE8}") = "Solution Items", "Solution Items", "{61D15865-64DD-4FF5-B627-AF43665C513B}"
	ProjectSection(SolutionItems) = preProject
		docker-compose..oldyml = docker-compose..oldyml
	EndProjectSection
EndProject
Project("{9A19103F-16F7-4668-BE54-9A1E7A4F7556}") = "UserService.GraphQL", "UserService.GraphQL\UserService.GraphQL.csproj", "{F85D8DAE-8A8F-4C22-8402-0F20E6AE7588}"
EndProject
Project("{E53339B2-1760-4266-BCC7-CA923CBCF16C}") = "docker-compose", "docker-compose.dcproj", "{BCF54AD6-C4C3-433E-AFC7-24E1F6FB98AD}"
EndProject
Project("{9A19103F-16F7-4668-BE54-9A1E7A4F7556}") = "UserService.Interface", "UserService.Interface\UserService.Interface.csproj", "{BF95DAAE-E533-4B80-93D5-0F487A3A4818}"
EndProject
Project("{54A90642-561A-4BB1-A94E-469ADEE60C69}") = "userservice.frontend.react", "UserService.FrontEnd.React\userservice.frontend.react.esproj", "{93D9C6B7-D21C-4A2C-9ED8-348F737E9645}"
EndProject
Project("{9A19103F-16F7-4668-BE54-9A1E7A4F7556}") = "UserService.Interface.GraphQL", "UserService.Interface.GraphQL\UserService.Interface.GraphQL.csproj", "{78DC908E-369E-4947-B52E-A11A594B2084}"
EndProject
Project("{FAE04EC0-301F-11D3-BF4B-00C04F79EFBC}") = "UserService.GraphQL.HotChocolate", "UserService.GraphQL.HotChocolate\UserService.GraphQL.HotChocolate.csproj", "{4A973D0B-3BF0-4787-810E-2F4AFC22E0B0}"
EndProject
Global
	GlobalSection(SolutionConfigurationPlatforms) = preSolution
		Debug|Any CPU = Debug|Any CPU
		Release|Any CPU = Release|Any CPU
	EndGlobalSection
	GlobalSection(ProjectConfigurationPlatforms) = postSolution
		{6655D8C7-6266-4EEC-929C-B24A124E5F8F}.Debug|Any CPU.ActiveCfg = Debug|Any CPU
		{6655D8C7-6266-4EEC-929C-B24A124E5F8F}.Debug|Any CPU.Build.0 = Debug|Any CPU
		{6655D8C7-6266-4EEC-929C-B24A124E5F8F}.Release|Any CPU.ActiveCfg = Release|Any CPU
		{6655D8C7-6266-4EEC-929C-B24A124E5F8F}.Release|Any CPU.Build.0 = Release|Any CPU
		{9873ADD1-7546-46BD-A4B6-3391267E9A7E}.Debug|Any CPU.ActiveCfg = Debug|Any CPU
		{9873ADD1-7546-46BD-A4B6-3391267E9A7E}.Debug|Any CPU.Build.0 = Debug|Any CPU
		{9873ADD1-7546-46BD-A4B6-3391267E9A7E}.Release|Any CPU.ActiveCfg = Release|Any CPU
		{9873ADD1-7546-46BD-A4B6-3391267E9A7E}.Release|Any CPU.Build.0 = Release|Any CPU
		{259DEB46-D1D5-47F0-B3D5-2B77B3916649}.Debug|Any CPU.ActiveCfg = Debug|Any CPU
		{259DEB46-D1D5-47F0-B3D5-2B77B3916649}.Debug|Any CPU.Build.0 = Debug|Any CPU
		{259DEB46-D1D5-47F0-B3D5-2B77B3916649}.Release|Any CPU.ActiveCfg = Release|Any CPU
		{259DEB46-D1D5-47F0-B3D5-2B77B3916649}.Release|Any CPU.Build.0 = Release|Any CPU
		{10CB8999-77CF-4F24-A2F0-84B36FE417AE}.Debug|Any CPU.ActiveCfg = Debug|Any CPU
		{10CB8999-77CF-4F24-A2F0-84B36FE417AE}.Debug|Any CPU.Build.0 = Debug|Any CPU
		{10CB8999-77CF-4F24-A2F0-84B36FE417AE}.Release|Any CPU.ActiveCfg = Release|Any CPU
		{10CB8999-77CF-4F24-A2F0-84B36FE417AE}.Release|Any CPU.Build.0 = Release|Any CPU
		{F85D8DAE-8A8F-4C22-8402-0F20E6AE7588}.Debug|Any CPU.ActiveCfg = Debug|Any CPU
		{F85D8DAE-8A8F-4C22-8402-0F20E6AE7588}.Debug|Any CPU.Build.0 = Debug|Any CPU
		{F85D8DAE-8A8F-4C22-8402-0F20E6AE7588}.Release|Any CPU.ActiveCfg = Release|Any CPU
		{F85D8DAE-8A8F-4C22-8402-0F20E6AE7588}.Release|Any CPU.Build.0 = Release|Any CPU
		{BCF54AD6-C4C3-433E-AFC7-24E1F6FB98AD}.Debug|Any CPU.ActiveCfg = Debug|Any CPU
		{BCF54AD6-C4C3-433E-AFC7-24E1F6FB98AD}.Debug|Any CPU.Build.0 = Debug|Any CPU
		{BCF54AD6-C4C3-433E-AFC7-24E1F6FB98AD}.Release|Any CPU.ActiveCfg = Release|Any CPU
		{BCF54AD6-C4C3-433E-AFC7-24E1F6FB98AD}.Release|Any CPU.Build.0 = Release|Any CPU
		{BF95DAAE-E533-4B80-93D5-0F487A3A4818}.Debug|Any CPU.ActiveCfg = Debug|Any CPU
		{BF95DAAE-E533-4B80-93D5-0F487A3A4818}.Debug|Any CPU.Build.0 = Debug|Any CPU
		{BF95DAAE-E533-4B80-93D5-0F487A3A4818}.Release|Any CPU.ActiveCfg = Release|Any CPU
		{BF95DAAE-E533-4B80-93D5-0F487A3A4818}.Release|Any CPU.Build.0 = Release|Any CPU
		{93D9C6B7-D21C-4A2C-9ED8-348F737E9645}.Debug|Any CPU.ActiveCfg = Debug|Any CPU
		{93D9C6B7-D21C-4A2C-9ED8-348F737E9645}.Debug|Any CPU.Build.0 = Debug|Any CPU
		{93D9C6B7-D21C-4A2C-9ED8-348F737E9645}.Debug|Any CPU.Deploy.0 = Debug|Any CPU
		{93D9C6B7-D21C-4A2C-9ED8-348F737E9645}.Release|Any CPU.ActiveCfg = Release|Any CPU
		{93D9C6B7-D21C-4A2C-9ED8-348F737E9645}.Release|Any CPU.Build.0 = Release|Any CPU
		{93D9C6B7-D21C-4A2C-9ED8-348F737E9645}.Release|Any CPU.Deploy.0 = Release|Any CPU
		{78DC908E-369E-4947-B52E-A11A594B2084}.Debug|Any CPU.ActiveCfg = Debug|Any CPU
		{78DC908E-369E-4947-B52E-A11A594B2084}.Debug|Any CPU.Build.0 = Debug|Any CPU
		{78DC908E-369E-4947-B52E-A11A594B2084}.Release|Any CPU.ActiveCfg = Release|Any CPU
		{78DC908E-369E-4947-B52E-A11A594B2084}.Release|Any CPU.Build.0 = Release|Any CPU
		{4A973D0B-3BF0-4787-810E-2F4AFC22E0B0}.Debug|Any CPU.ActiveCfg = Debug|Any CPU
		{4A973D0B-3BF0-4787-810E-2F4AFC22E0B0}.Debug|Any CPU.Build.0 = Debug|Any CPU
		{4A973D0B-3BF0-4787-810E-2F4AFC22E0B0}.Release|Any CPU.ActiveCfg = Release|Any CPU
		{4A973D0B-3BF0-4787-810E-2F4AFC22E0B0}.Release|Any CPU.Build.0 = Release|Any CPU
	EndGlobalSection
	GlobalSection(SolutionProperties) = preSolution
		HideSolutionNode = FALSE
	EndGlobalSection
	GlobalSection(ExtensibilityGlobals) = postSolution
		SolutionGuid = {0DEDA249-664D-4A69-88E1-DD13B6D1BF50}
	EndGlobalSection
EndGlobal
